
Microsoft Visual Studio Solution File, Format Version 12.00
# Visual Studio Version 16
VisualStudioVersion = 16.0.30114.105
MinimumVisualStudioVersion = 10.0.40219.1
Project("{2150E333-8FDC-42A3-9474-1A3956D46DE8}") = "src", "src", "{902A53ED-454B-44A8-88DA-773A8F547A31}"
EndProject
Project("{F2A71F9B-5D33-465A-A702-920D77279786}") = "CSharpLanguageServer", "src\CSharpLanguageServer\CSharpLanguageServer.fsproj", "{35027907-179F-410A-892B-88F201AB1A30}"
EndProject
Project("{F2A71F9B-5D33-465A-A702-920D77279786}") = "CSharpLanguageServer.Tests", "src\CSharpLanguageServer.Tests\CSharpLanguageServer.Tests.fsproj", "{8A82B6C3-2A05-4CF8-A499-7474058EBCEF}"
EndProject
Global
	GlobalSection(SolutionConfigurationPlatforms) = preSolution
		Debug|Any CPU = Debug|Any CPU
		Release|Any CPU = Release|Any CPU
	EndGlobalSection
	GlobalSection(SolutionProperties) = preSolution
		HideSolutionNode = FALSE
	EndGlobalSection
	GlobalSection(ProjectConfigurationPlatforms) = postSolution
		{35027907-179F-410A-892B-88F201AB1A30}.Debug|Any CPU.ActiveCfg = Debug|Any CPU
		{35027907-179F-410A-892B-88F201AB1A30}.Debug|Any CPU.Build.0 = Debug|Any CPU
		{35027907-179F-410A-892B-88F201AB1A30}.Release|Any CPU.ActiveCfg = Release|Any CPU
		{35027907-179F-410A-892B-88F201AB1A30}.Release|Any CPU.Build.0 = Release|Any CPU
		{8A82B6C3-2A05-4CF8-A499-7474058EBCEF}.Debug|Any CPU.ActiveCfg = Debug|Any CPU
		{8A82B6C3-2A05-4CF8-A499-7474058EBCEF}.Debug|Any CPU.Build.0 = Debug|Any CPU
		{8A82B6C3-2A05-4CF8-A499-7474058EBCEF}.Release|Any CPU.ActiveCfg = Release|Any CPU
		{8A82B6C3-2A05-4CF8-A499-7474058EBCEF}.Release|Any CPU.Build.0 = Release|Any CPU
	EndGlobalSection
	GlobalSection(NestedProjects) = preSolution
		{35027907-179F-410A-892B-88F201AB1A30} = {902A53ED-454B-44A8-88DA-773A8F547A31}
		{8A82B6C3-2A05-4CF8-A499-7474058EBCEF} = {902A53ED-454B-44A8-88DA-773A8F547A31}
	EndGlobalSection
EndGlobal
