
Microsoft Visual Studio Solution File, Format Version 12.00
# Visual Studio Version 16
VisualStudioVersion = 16.0.30114.105
MinimumVisualStudioVersion = 10.0.40219.1
Project("{F2A71F9B-5D33-465A-A702-920D77279786}") = "CSharpLanguageServer", "CSharpLanguageServer\CSharpLanguageServer.fsproj", "{B035F792-CCF0-422F-B94A-A1BBF8CE222D}"
EndProject
Project("{F2A71F9B-5D33-465A-A702-920D77279786}") = "CSharpLanguageServer.Tests", "CSharpLanguageServer.Tests\CSharpLanguageServer.Tests.fsproj", "{B2B6AD65-DAC1-4E6E-9986-D32CFB3E7AFB}"
EndProject
Global
	GlobalSection(SolutionConfigurationPlatforms) = preSolution
		Debug|Any CPU = Debug|Any CPU
		Release|Any CPU = Release|Any CPU
	EndGlobalSection
	GlobalSection(SolutionProperties) = preSolution
		HideSolutionNode = FALSE
	EndGlobalSection
	GlobalSection(ProjectConfigurationPlatforms) = postSolution
		{B035F792-CCF0-422F-B94A-A1BBF8CE222D}.Debug|Any CPU.ActiveCfg = Debug|Any CPU
		{B035F792-CCF0-422F-B94A-A1BBF8CE222D}.Debug|Any CPU.Build.0 = Debug|Any CPU
		{B035F792-CCF0-422F-B94A-A1BBF8CE222D}.Release|Any CPU.ActiveCfg = Release|Any CPU
		{B035F792-CCF0-422F-B94A-A1BBF8CE222D}.Release|Any CPU.Build.0 = Release|Any CPU
		{B2B6AD65-DAC1-4E6E-9986-D32CFB3E7AFB}.Debug|Any CPU.ActiveCfg = Debug|Any CPU
		{B2B6AD65-DAC1-4E6E-9986-D32CFB3E7AFB}.Debug|Any CPU.Build.0 = Debug|Any CPU
		{B2B6AD65-DAC1-4E6E-9986-D32CFB3E7AFB}.Release|Any CPU.ActiveCfg = Release|Any CPU
		{B2B6AD65-DAC1-4E6E-9986-D32CFB3E7AFB}.Release|Any CPU.Build.0 = Release|Any CPU
	EndGlobalSection
EndGlobal
